<?xml version="1.0" encoding="UTF-8" standalone="yes" ?>
<CodeBlocks_project_file>
	<FileVersion major="1" minor="6" />
	<Project>
		<Option title="cghw1" />
		<Option pch_mode="2" />
		<Option compiler="gcc" />
		<Build>
			<Target title="default">
				<Option output="Project1" prefix_auto="1" extension_auto="1" />
				<Option type="0" />
				<Option compiler="gcc" />
			</Target>
		</Build>
		<Linker>
			<Add library="glut32" />
			<Add library="opengl32" />
			<Add library="glu32" />
			<Add library="winmm" />
			<Add library="gdi32" />
		</Linker>
		<Unit filename="GLee.c">
			<Option compilerVar="CC" />
		</Unit>
		<Unit filename="GLee.h" />
		<Unit filename="font.c">
			<Option compilerVar="CC" />
		</Unit>
		<Unit filename="font.h" />
		<Unit filename="hw1.cpp" />
		<Unit filename="swgl.cpp" />
		<Unit filename="swgl.h" />
		<Extensions>
			<code_completion />
			<debugger />
		</Extensions>
	</Project>
</CodeBlocks_project_file>
